// !$*UTF8*$!
{
	archiveVersion = 1;
	classes = {
	};
	objectVersion = 52;
	objects = {

/* Begin PBXBuildFile section */
		9B0D77612479B41A00ABF210 /* SpotView.swift in Sources */ = {isa = PBXBuildFile; fileRef = 9B0D77602479B41A00ABF210 /* SpotView.swift */; };
		9B1C17FF2469D91A00EB108B /* MenuView.swift in Sources */ = {isa = PBXBuildFile; fileRef = 9B1C17FE2469D91A00EB108B /* MenuView.swift */; };
		9B1C1801246C2A2D00EB108B /* ActivityItemView.swift in Sources */ = {isa = PBXBuildFile; fileRef = 9B1C1800246C2A2D00EB108B /* ActivityItemView.swift */; };
		9B50A8612487ABCE00B43BAB /* FeedbackDetailView.swift in Sources */ = {isa = PBXBuildFile; fileRef = 9B50A8602487ABCE00B43BAB /* FeedbackDetailView.swift */; };
		9B50A8632487B73300B43BAB /* LeaveFeedbackDetailView.swift in Sources */ = {isa = PBXBuildFile; fileRef = 9B50A8622487B73300B43BAB /* LeaveFeedbackDetailView.swift */; };
		9B50A8652487E8B200B43BAB /* TextView.swift in Sources */ = {isa = PBXBuildFile; fileRef = 9B50A8642487E8B200B43BAB /* TextView.swift */; };
		9B50A8682489113D00B43BAB /* MasterChoiceView.swift in Sources */ = {isa = PBXBuildFile; fileRef = 9B50A8672489113D00B43BAB /* MasterChoiceView.swift */; };
		9B779EFB24A4BFA1005967B6 /* PopularProvidersViewModel.swift in Sources */ = {isa = PBXBuildFile; fileRef = 9B779EFA24A4BFA1005967B6 /* PopularProvidersViewModel.swift */; };
		9B779EFD24AA07FB005967B6 /* LineViewModel.swift in Sources */ = {isa = PBXBuildFile; fileRef = 9B779EFC24AA07FB005967B6 /* LineViewModel.swift */; };
		9B779EFF24AB70E4005967B6 /* SpotViewModel.swift in Sources */ = {isa = PBXBuildFile; fileRef = 9B779EFE24AB70E4005967B6 /* SpotViewModel.swift */; };
		9B779F0124ABBA7D005967B6 /* ProviderItemView.swift in Sources */ = {isa = PBXBuildFile; fileRef = 9B779F0024ABBA7D005967B6 /* ProviderItemView.swift */; };
		9B779F0324ADDD14005967B6 /* ProviderViewModel.swift in Sources */ = {isa = PBXBuildFile; fileRef = 9B779F0224ADDD14005967B6 /* ProviderViewModel.swift */; };
		9B96FEF924C06F2B0022D6D9 /* UploadView.swift in Sources */ = {isa = PBXBuildFile; fileRef = 9B96FEF824C06F2B0022D6D9 /* UploadView.swift */; };
		9B96FEFB24C071D20022D6D9 /* UploadItemView.swift in Sources */ = {isa = PBXBuildFile; fileRef = 9B96FEFA24C071D20022D6D9 /* UploadItemView.swift */; };
		9B97D4DC24A0CBC800DB3F5E /* SpotListView.swift in Sources */ = {isa = PBXBuildFile; fileRef = 9B97D4DB24A0CBC800DB3F5E /* SpotListView.swift */; };
		9B97D4DE24A0D35800DB3F5E /* SpotListViewModel.swift in Sources */ = {isa = PBXBuildFile; fileRef = 9B97D4DD24A0D35800DB3F5E /* SpotListViewModel.swift */; };
		9B97D4E224A1F83300DB3F5E /* DefaultAPI.swift in Sources */ = {isa = PBXBuildFile; fileRef = 9B97D4E124A1F83200DB3F5E /* DefaultAPI.swift */; };
		9B97D4E424A23A3100DB3F5E /* LineListView.swift in Sources */ = {isa = PBXBuildFile; fileRef = 9B97D4E324A23A3100DB3F5E /* LineListView.swift */; };
		9B97D4E624A23AA500DB3F5E /* LineListViewModel.swift in Sources */ = {isa = PBXBuildFile; fileRef = 9B97D4E524A23AA500DB3F5E /* LineListViewModel.swift */; };
		9BAD866C2479421400F756DA /* LineView.swift in Sources */ = {isa = PBXBuildFile; fileRef = 9BAD866B2479421400F756DA /* LineView.swift */; };
		9BB2FB4B246F0A4C00E1B184 /* DetailItemView.swift in Sources */ = {isa = PBXBuildFile; fileRef = 9BB2FB4A246F0A4C00E1B184 /* DetailItemView.swift */; };
		9BB2FB4D246F0B9900E1B184 /* ProviderView.swift in Sources */ = {isa = PBXBuildFile; fileRef = 9BB2FB4C246F0B9900E1B184 /* ProviderView.swift */; };
		9BB2FB4F2474414700E1B184 /* PostItemView.swift in Sources */ = {isa = PBXBuildFile; fileRef = 9BB2FB4E2474414700E1B184 /* PostItemView.swift */; };
		9BC48B082465420300239E4E /* AppDelegate.swift in Sources */ = {isa = PBXBuildFile; fileRef = 9BC48B072465420300239E4E /* AppDelegate.swift */; };
		9BC48B0A2465420300239E4E /* SceneDelegate.swift in Sources */ = {isa = PBXBuildFile; fileRef = 9BC48B092465420300239E4E /* SceneDelegate.swift */; };
		9BC48B0C2465420300239E4E /* RootView.swift in Sources */ = {isa = PBXBuildFile; fileRef = 9BC48B0B2465420300239E4E /* RootView.swift */; };
		9BC48B0E2465420700239E4E /* Assets.xcassets in Resources */ = {isa = PBXBuildFile; fileRef = 9BC48B0D2465420700239E4E /* Assets.xcassets */; };
		9BC48B112465420700239E4E /* Preview Assets.xcassets in Resources */ = {isa = PBXBuildFile; fileRef = 9BC48B102465420700239E4E /* Preview Assets.xcassets */; };
		9BC48B142465420700239E4E /* LaunchScreen.storyboard in Resources */ = {isa = PBXBuildFile; fileRef = 9BC48B122465420700239E4E /* LaunchScreen.storyboard */; };
		9BC48B1F2465420700239E4E /* SadAgregatorTests.swift in Sources */ = {isa = PBXBuildFile; fileRef = 9BC48B1E2465420700239E4E /* SadAgregatorTests.swift */; };
		9BE9065924B36D7B00FD955E /* FeedbackItemView.swift in Sources */ = {isa = PBXBuildFile; fileRef = 9BE9065824B36D7B00FD955E /* FeedbackItemView.swift */; };
		9BE9065B24B3709300FD955E /* FeedackItemViewModel.swift in Sources */ = {isa = PBXBuildFile; fileRef = 9BE9065A24B3709200FD955E /* FeedackItemViewModel.swift */; };
		9BE9065D24BC67E900FD955E /* SafariView.swift in Sources */ = {isa = PBXBuildFile; fileRef = 9BE9065C24BC67E900FD955E /* SafariView.swift */; };
		9BE9065F24BCC34800FD955E /* SearchStatisticsItemView.swift in Sources */ = {isa = PBXBuildFile; fileRef = 9BE9065E24BCC34700FD955E /* SearchStatisticsItemView.swift */; };
		9BE9066124BF29FE00FD955E /* ProfileViewModel.swift in Sources */ = {isa = PBXBuildFile; fileRef = 9BE9066024BF29FE00FD955E /* ProfileViewModel.swift */; };
		9BFD6675248FAE4E0091110A /* MasterTextView.swift in Sources */ = {isa = PBXBuildFile; fileRef = 9BFD6674248FAE4E0091110A /* MasterTextView.swift */; };
		9BFD6677248FBBF20091110A /* MasterListView.swift in Sources */ = {isa = PBXBuildFile; fileRef = 9BFD6676248FBBF10091110A /* MasterListView.swift */; };
		9BFD6679248FC4370091110A /* SearchField.swift in Sources */ = {isa = PBXBuildFile; fileRef = 9BFD6678248FC4370091110A /* SearchField.swift */; };
		9BFD66E424A0C6D90091110A /* MyProviders.swift in Sources */ = {isa = PBXBuildFile; fileRef = 9BFD66AC24A0C6D20091110A /* MyProviders.swift */; };
		9BFD66E524A0C6D90091110A /* SaveVKInfo.swift in Sources */ = {isa = PBXBuildFile; fileRef = 9BFD66AD24A0C6D20091110A /* SaveVKInfo.swift */; };
		9BFD66E624A0C6D90091110A /* ReviewUpdate.swift in Sources */ = {isa = PBXBuildFile; fileRef = 9BFD66AE24A0C6D20091110A /* ReviewUpdate.swift */; };
		9BFD66E724A0C6D90091110A /* GetOKAppID.swift in Sources */ = {isa = PBXBuildFile; fileRef = 9BFD66AF24A0C6D20091110A /* GetOKAppID.swift */; };
		9BFD66E824A0C6D90091110A /* ChangeUserOption.swift in Sources */ = {isa = PBXBuildFile; fileRef = 9BFD66B024A0C6D20091110A /* ChangeUserOption.swift */; };
		9BFD66E924A0C6D90091110A /* Help.swift in Sources */ = {isa = PBXBuildFile; fileRef = 9BFD66B124A0C6D20091110A /* Help.swift */; };
		9BFD66EA24A0C6D90091110A /* AssignOKToAppID.swift in Sources */ = {isa = PBXBuildFile; fileRef = 9BFD66B224A0C6D20091110A /* AssignOKToAppID.swift */; };
		9BFD66EB24A0C6D90091110A /* Providers.swift in Sources */ = {isa = PBXBuildFile; fileRef = 9BFD66B324A0C6D30091110A /* Providers.swift */; };
		9BFD66EC24A0C6D90091110A /* ProvidersTop.swift in Sources */ = {isa = PBXBuildFile; fileRef = 9BFD66B424A0C6D30091110A /* ProvidersTop.swift */; };
		9BFD66ED24A0C6D90091110A /* PostLike.swift in Sources */ = {isa = PBXBuildFile; fileRef = 9BFD66B524A0C6D30091110A /* PostLike.swift */; };
		9BFD66EE24A0C6D90091110A /* Answer.swift in Sources */ = {isa = PBXBuildFile; fileRef = 9BFD66B624A0C6D30091110A /* Answer.swift */; };
		9BFD66EF24A0C6D90091110A /* UserForgotPass.swift in Sources */ = {isa = PBXBuildFile; fileRef = 9BFD66B724A0C6D30091110A /* UserForgotPass.swift */; };
		9BFD66F024A0C6D90091110A /* TopSpotsPaging.swift in Sources */ = {isa = PBXBuildFile; fileRef = 9BFD66B824A0C6D30091110A /* TopSpotsPaging.swift */; };
		9BFD66F124A0C6D90091110A /* ReviewDelete.swift in Sources */ = {isa = PBXBuildFile; fileRef = 9BFD66B924A0C6D30091110A /* ReviewDelete.swift */; };
		9BFD66F224A0C6D90091110A /* GetMyReview.swift in Sources */ = {isa = PBXBuildFile; fileRef = 9BFD66BA24A0C6D40091110A /* GetMyReview.swift */; };
		9BFD66F324A0C6D90091110A /* SpotPostsPaging.swift in Sources */ = {isa = PBXBuildFile; fileRef = 9BFD66BB24A0C6D40091110A /* SpotPostsPaging.swift */; };
		9BFD66F424A0C6D90091110A /* BackLine.swift in Sources */ = {isa = PBXBuildFile; fileRef = 9BFD66BC24A0C6D40091110A /* BackLine.swift */; };
		9BFD66F524A0C6D90091110A /* GetSearchPage.swift in Sources */ = {isa = PBXBuildFile; fileRef = 9BFD66BD24A0C6D40091110A /* GetSearchPage.swift */; };
		9BFD66F624A0C6D90091110A /* SetSimpleReq.swift in Sources */ = {isa = PBXBuildFile; fileRef = 9BFD66BE24A0C6D40091110A /* SetSimpleReq.swift */; };
		9BFD66F724A0C6D90091110A /* TopLines.swift in Sources */ = {isa = PBXBuildFile; fileRef = 9BFD66BF24A0C6D40091110A /* TopLines.swift */; };
		9BFD66F824A0C6D90091110A /* ProviderLike.swift in Sources */ = {isa = PBXBuildFile; fileRef = 9BFD66C024A0C6D40091110A /* ProviderLike.swift */; };
		9BFD66F924A0C6D90091110A /* RateUpdate.swift in Sources */ = {isa = PBXBuildFile; fileRef = 9BFD66C124A0C6D50091110A /* RateUpdate.swift */; };
		9BFD66FA24A0C6D90091110A /* HelpPage.swift in Sources */ = {isa = PBXBuildFile; fileRef = 9BFD66C224A0C6D50091110A /* HelpPage.swift */; };
		9BFD66FB24A0C6D90091110A /* MyPosts.swift in Sources */ = {isa = PBXBuildFile; fileRef = 9BFD66C324A0C6D50091110A /* MyPosts.swift */; };
		9BFD66FC24A0C6D90091110A /* Spot.swift in Sources */ = {isa = PBXBuildFile; fileRef = 9BFD66C424A0C6D50091110A /* Spot.swift */; };
		9BFD66FD24A0C6D90091110A /* GetStep.swift in Sources */ = {isa = PBXBuildFile; fileRef = 9BFD66C524A0C6D50091110A /* GetStep.swift */; };
		9BFD66FE24A0C6D90091110A /* GetProviderReviewsPaging.swift in Sources */ = {isa = PBXBuildFile; fileRef = 9BFD66C624A0C6D50091110A /* GetProviderReviewsPaging.swift */; };
		9BFD66FF24A0C6D90091110A /* MessageReaded.swift in Sources */ = {isa = PBXBuildFile; fileRef = 9BFD66C724A0C6D50091110A /* MessageReaded.swift */; };
		9BFD670024A0C6D90091110A /* AddProvider.swift in Sources */ = {isa = PBXBuildFile; fileRef = 9BFD66C824A0C6D50091110A /* AddProvider.swift */; };
		9BFD670124A0C6D90091110A /* ChangeUserPassword.swift in Sources */ = {isa = PBXBuildFile; fileRef = 9BFD66C924A0C6D60091110A /* ChangeUserPassword.swift */; };
		9BFD670224A0C6D90091110A /* ProviderItem.swift in Sources */ = {isa = PBXBuildFile; fileRef = 9BFD66CA24A0C6D60091110A /* ProviderItem.swift */; };
		9BFD670324A0C6D90091110A /* Reviews.swift in Sources */ = {isa = PBXBuildFile; fileRef = 9BFD66CB24A0C6D60091110A /* Reviews.swift */; };
		9BFD670424A0C6D90091110A /* GetUserProfile.swift in Sources */ = {isa = PBXBuildFile; fileRef = 9BFD66CC24A0C6D60091110A /* GetUserProfile.swift */; };
		9BFD670524A0C6D90091110A /* LinePostsPaging.swift in Sources */ = {isa = PBXBuildFile; fileRef = 9BFD66CD24A0C6D60091110A /* LinePostsPaging.swift */; };
		9BFD670624A0C6D90091110A /* UserProfile.swift in Sources */ = {isa = PBXBuildFile; fileRef = 9BFD66CE24A0C6D60091110A /* UserProfile.swift */; };
		9BFD670724A0C6D90091110A /* AssignVKToAppID.swift in Sources */ = {isa = PBXBuildFile; fileRef = 9BFD66CF24A0C6D60091110A /* AssignVKToAppID.swift */; };
		9BFD670824A0C6D90091110A /* Arrows.swift in Sources */ = {isa = PBXBuildFile; fileRef = 9BFD66D024A0C6D60091110A /* Arrows.swift */; };
		9BFD670924A0C6D90091110A /* GetProviderPostsPaging.swift in Sources */ = {isa = PBXBuildFile; fileRef = 9BFD66D124A0C6D70091110A /* GetProviderPostsPaging.swift */; };
		9BFD670A24A0C6D90091110A /* DeletePhoto.swift in Sources */ = {isa = PBXBuildFile; fileRef = 9BFD66D224A0C6D70091110A /* DeletePhoto.swift */; };
		9BFD670B24A0C6D90091110A /* SendQuestion.swift in Sources */ = {isa = PBXBuildFile; fileRef = 9BFD66D324A0C6D70091110A /* SendQuestion.swift */; };
		9BFD670C24A0C6D90091110A /* LinePointsPaging.swift in Sources */ = {isa = PBXBuildFile; fileRef = 9BFD66D424A0C6D70091110A /* LinePointsPaging.swift */; };
		9BFD670D24A0C6D90091110A /* SaveOKInfo.swift in Sources */ = {isa = PBXBuildFile; fileRef = 9BFD66D524A0C6D70091110A /* SaveOKInfo.swift */; };
		9BFD670E24A0C6D90091110A /* Message.swift in Sources */ = {isa = PBXBuildFile; fileRef = 9BFD66D624A0C6D70091110A /* Message.swift */; };
		9BFD670F24A0C6D90091110A /* Peers.swift in Sources */ = {isa = PBXBuildFile; fileRef = 9BFD66D724A0C6D70091110A /* Peers.swift */; };
		9BFD671024A0C6D90091110A /* Provider.swift in Sources */ = {isa = PBXBuildFile; fileRef = 9BFD66D824A0C6D70091110A /* Provider.swift */; };
		9BFD671124A0C6D90091110A /* Line.swift in Sources */ = {isa = PBXBuildFile; fileRef = 9BFD66D924A0C6D80091110A /* Line.swift */; };
		9BFD671224A0C6D90091110A /* HelpItem.swift in Sources */ = {isa = PBXBuildFile; fileRef = 9BFD66DA24A0C6D80091110A /* HelpItem.swift */; };
		9BFD671324A0C6D90091110A /* Auth.swift in Sources */ = {isa = PBXBuildFile; fileRef = 9BFD66DB24A0C6D80091110A /* Auth.swift */; };
		9BFD671424A0C6D90091110A /* ReviewImages.swift in Sources */ = {isa = PBXBuildFile; fileRef = 9BFD66DC24A0C6D80091110A /* ReviewImages.swift */; };
		9BFD671524A0C6D90091110A /* ExportPeers.swift in Sources */ = {isa = PBXBuildFile; fileRef = 9BFD66DD24A0C6D80091110A /* ExportPeers.swift */; };
		9BFD671624A0C6D90091110A /* CntListItem.swift in Sources */ = {isa = PBXBuildFile; fileRef = 9BFD66DE24A0C6D80091110A /* CntListItem.swift */; };
		9BFD671724A0C6D90091110A /* ReviewsInfo.swift in Sources */ = {isa = PBXBuildFile; fileRef = 9BFD66DF24A0C6D80091110A /* ReviewsInfo.swift */; };
		9BFD671824A0C6D90091110A /* Register.swift in Sources */ = {isa = PBXBuildFile; fileRef = 9BFD66E024A0C6D80091110A /* Register.swift */; };
		9BFD671924A0C6D90091110A /* GetVKAppID.swift in Sources */ = {isa = PBXBuildFile; fileRef = 9BFD66E124A0C6D90091110A /* GetVKAppID.swift */; };
		9BFD671A24A0C6D90091110A /* ToExpQueue.swift in Sources */ = {isa = PBXBuildFile; fileRef = 9BFD66E224A0C6D90091110A /* ToExpQueue.swift */; };
		9BFD671B24A0C6D90091110A /* PhotoSaved.swift in Sources */ = {isa = PBXBuildFile; fileRef = 9BFD66E324A0C6D90091110A /* PhotoSaved.swift */; };
		BE07A4D6249FE0D5007AE812 /* Alamofire in Frameworks */ = {isa = PBXBuildFile; productRef = BE07A4D5249FE0D5007AE812 /* Alamofire */; };
		BE07A4D8249FE3D4007AE812 /* BlueInfoView.swift in Sources */ = {isa = PBXBuildFile; fileRef = BE07A4D7249FE3D4007AE812 /* BlueInfoView.swift */; };
		BE07A4DA249FEAB9007AE812 /* DetailedActivityView.swift in Sources */ = {isa = PBXBuildFile; fileRef = BE07A4D9249FEAB9007AE812 /* DetailedActivityView.swift */; };
		BE07A4DD24A0026A007AE812 /* RandomAccessCollection+Extensions.swift in Sources */ = {isa = PBXBuildFile; fileRef = BE07A4DC24A0026A007AE812 /* RandomAccessCollection+Extensions.swift */; };
		BE07A4DF24A004CA007AE812 /* MainPaging.swift in Sources */ = {isa = PBXBuildFile; fileRef = BE07A4DE24A004CA007AE812 /* MainPaging.swift */; };
		BE11E4B3246C888A004A2FBC /* PopularProviderItemView.swift in Sources */ = {isa = PBXBuildFile; fileRef = BE11E4B1246C888A004A2FBC /* PopularProviderItemView.swift */; };
		BE11E4B4246C888A004A2FBC /* PopularProvidersView.swift in Sources */ = {isa = PBXBuildFile; fileRef = BE11E4B2246C888A004A2FBC /* PopularProvidersView.swift */; };
		BE3F0A752496951B006F605A /* TopLine.swift in Sources */ = {isa = PBXBuildFile; fileRef = BE3F0A6D2496951A006F605A /* TopLine.swift */; };
		BE3F0A762496951B006F605A /* MainPage.swift in Sources */ = {isa = PBXBuildFile; fileRef = BE3F0A6E2496951A006F605A /* MainPage.swift */; };
		BE3F0A772496951B006F605A /* ErrorModel.swift in Sources */ = {isa = PBXBuildFile; fileRef = BE3F0A6F2496951A006F605A /* ErrorModel.swift */; };
		BE3F0A782496951B006F605A /* Post.swift in Sources */ = {isa = PBXBuildFile; fileRef = BE3F0A702496951A006F605A /* Post.swift */; };
		BE3F0A792496951B006F605A /* ServerImage.swift in Sources */ = {isa = PBXBuildFile; fileRef = BE3F0A712496951B006F605A /* ServerImage.swift */; };
		BE3F0A7A2496951B006F605A /* TotalActivity.swift in Sources */ = {isa = PBXBuildFile; fileRef = BE3F0A722496951B006F605A /* TotalActivity.swift */; };
		BE3F0A7B2496951B006F605A /* TopSpot.swift in Sources */ = {isa = PBXBuildFile; fileRef = BE3F0A732496951B006F605A /* TopSpot.swift */; };
		BE3F0A7C2496951B006F605A /* UserKey.swift in Sources */ = {isa = PBXBuildFile; fileRef = BE3F0A742496951B006F605A /* UserKey.swift */; };
		BE3F0A862496952A006F605A /* Extensions.swift in Sources */ = {isa = PBXBuildFile; fileRef = BE3F0A7D2496952A006F605A /* Extensions.swift */; };
		BE3F0A872496952A006F605A /* APIHelper.swift in Sources */ = {isa = PBXBuildFile; fileRef = BE3F0A7E2496952A006F605A /* APIHelper.swift */; };
		BE3F0A882496952A006F605A /* APIs.swift in Sources */ = {isa = PBXBuildFile; fileRef = BE3F0A7F2496952A006F605A /* APIs.swift */; };
		BE3F0A892496952A006F605A /* Configuration.swift in Sources */ = {isa = PBXBuildFile; fileRef = BE3F0A802496952A006F605A /* Configuration.swift */; };
		BE3F0A8A2496952A006F605A /* AlamofireImplementations.swift in Sources */ = {isa = PBXBuildFile; fileRef = BE3F0A812496952A006F605A /* AlamofireImplementations.swift */; };
		BE3F0A8B2496952A006F605A /* JSONEncodingHelper.swift in Sources */ = {isa = PBXBuildFile; fileRef = BE3F0A822496952A006F605A /* JSONEncodingHelper.swift */; };
		BE3F0A8C2496952A006F605A /* Models.swift in Sources */ = {isa = PBXBuildFile; fileRef = BE3F0A832496952A006F605A /* Models.swift */; };
		BE3F0A8D2496952A006F605A /* CodableHelper.swift in Sources */ = {isa = PBXBuildFile; fileRef = BE3F0A842496952A006F605A /* CodableHelper.swift */; };
		BE3F0A8E2496952A006F605A /* JSONEncodableEncoding.swift in Sources */ = {isa = PBXBuildFile; fileRef = BE3F0A852496952A006F605A /* JSONEncodableEncoding.swift */; };
		BE46218F246D13DA00F715B1 /* MainView.swift in Sources */ = {isa = PBXBuildFile; fileRef = BE46218E246D13DA00F715B1 /* MainView.swift */; };
		BE562F4C2475BD01000EDB5C /* SectionTitleView.swift in Sources */ = {isa = PBXBuildFile; fileRef = BE562F4B2475BD01000EDB5C /* SectionTitleView.swift */; };
		BE562F4E2475BFC3000EDB5C /* UIApplication+Extensions.swift in Sources */ = {isa = PBXBuildFile; fileRef = BE562F4D2475BFC3000EDB5C /* UIApplication+Extensions.swift */; };
		BE562F512475C031000EDB5C /* View+Extensions.swift in Sources */ = {isa = PBXBuildFile; fileRef = BE562F502475C031000EDB5C /* View+Extensions.swift */; };
		BE562F532475C4A4000EDB5C /* AnyTransition+Extensions.swift in Sources */ = {isa = PBXBuildFile; fileRef = BE562F522475C4A4000EDB5C /* AnyTransition+Extensions.swift */; };
		BEB9514C2484D94F00A26F71 /* ProfileView.swift in Sources */ = {isa = PBXBuildFile; fileRef = BEB9514B2484D94F00A26F71 /* ProfileView.swift */; };
		BEB9514E2484DCBA00A26F71 /* BorderedButtonStyle.swift in Sources */ = {isa = PBXBuildFile; fileRef = BEB9514D2484DCBA00A26F71 /* BorderedButtonStyle.swift */; };
		BEB951512484E3BF00A26F71 /* LoginView.swift in Sources */ = {isa = PBXBuildFile; fileRef = BEB951502484E3BF00A26F71 /* LoginView.swift */; };
		BEDCF74C2496B75B00217CE3 /* MainViewModel.swift in Sources */ = {isa = PBXBuildFile; fileRef = BEDCF74B2496B75B00217CE3 /* MainViewModel.swift */; };
		BEFEA7B32496981900A29B2D /* Export.swift in Sources */ = {isa = PBXBuildFile; fileRef = BEFEA7B22496981900A29B2D /* Export.swift */; };
/* End PBXBuildFile section */

/* Begin PBXContainerItemProxy section */
		9BC48B1B2465420700239E4E /* PBXContainerItemProxy */ = {
			isa = PBXContainerItemProxy;
			containerPortal = 9BC48AFC2465420300239E4E /* Project object */;
			proxyType = 1;
			remoteGlobalIDString = 9BC48B032465420300239E4E;
			remoteInfo = SadAgregator;
		};
/* End PBXContainerItemProxy section */

/* Begin PBXFileReference section */
		9B0D77602479B41A00ABF210 /* SpotView.swift */ = {isa = PBXFileReference; lastKnownFileType = sourcecode.swift; path = SpotView.swift; sourceTree = "<group>"; };
		9B1C17FE2469D91A00EB108B /* MenuView.swift */ = {isa = PBXFileReference; lastKnownFileType = sourcecode.swift; path = MenuView.swift; sourceTree = "<group>"; };
		9B1C1800246C2A2D00EB108B /* ActivityItemView.swift */ = {isa = PBXFileReference; lastKnownFileType = sourcecode.swift; path = ActivityItemView.swift; sourceTree = "<group>"; };
		9B50A8602487ABCE00B43BAB /* FeedbackDetailView.swift */ = {isa = PBXFileReference; lastKnownFileType = sourcecode.swift; path = FeedbackDetailView.swift; sourceTree = "<group>"; };
		9B50A8622487B73300B43BAB /* LeaveFeedbackDetailView.swift */ = {isa = PBXFileReference; lastKnownFileType = sourcecode.swift; path = LeaveFeedbackDetailView.swift; sourceTree = "<group>"; };
		9B50A8642487E8B200B43BAB /* TextView.swift */ = {isa = PBXFileReference; lastKnownFileType = sourcecode.swift; path = TextView.swift; sourceTree = "<group>"; };
		9B50A8672489113D00B43BAB /* MasterChoiceView.swift */ = {isa = PBXFileReference; lastKnownFileType = sourcecode.swift; path = MasterChoiceView.swift; sourceTree = "<group>"; };
		9B779EFA24A4BFA1005967B6 /* PopularProvidersViewModel.swift */ = {isa = PBXFileReference; lastKnownFileType = sourcecode.swift; path = PopularProvidersViewModel.swift; sourceTree = "<group>"; };
		9B779EFC24AA07FB005967B6 /* LineViewModel.swift */ = {isa = PBXFileReference; lastKnownFileType = sourcecode.swift; path = LineViewModel.swift; sourceTree = "<group>"; };
		9B779EFE24AB70E4005967B6 /* SpotViewModel.swift */ = {isa = PBXFileReference; lastKnownFileType = sourcecode.swift; path = SpotViewModel.swift; sourceTree = "<group>"; };
		9B779F0024ABBA7D005967B6 /* ProviderItemView.swift */ = {isa = PBXFileReference; lastKnownFileType = sourcecode.swift; path = ProviderItemView.swift; sourceTree = "<group>"; };
		9B779F0224ADDD14005967B6 /* ProviderViewModel.swift */ = {isa = PBXFileReference; lastKnownFileType = sourcecode.swift; path = ProviderViewModel.swift; sourceTree = "<group>"; };
		9B96FEF824C06F2B0022D6D9 /* UploadView.swift */ = {isa = PBXFileReference; lastKnownFileType = sourcecode.swift; path = UploadView.swift; sourceTree = "<group>"; };
		9B96FEFA24C071D20022D6D9 /* UploadItemView.swift */ = {isa = PBXFileReference; lastKnownFileType = sourcecode.swift; path = UploadItemView.swift; sourceTree = "<group>"; };
		9B97D4DB24A0CBC800DB3F5E /* SpotListView.swift */ = {isa = PBXFileReference; lastKnownFileType = sourcecode.swift; path = SpotListView.swift; sourceTree = "<group>"; };
		9B97D4DD24A0D35800DB3F5E /* SpotListViewModel.swift */ = {isa = PBXFileReference; lastKnownFileType = sourcecode.swift; path = SpotListViewModel.swift; sourceTree = "<group>"; };
		9B97D4E124A1F83200DB3F5E /* DefaultAPI.swift */ = {isa = PBXFileReference; fileEncoding = 4; lastKnownFileType = sourcecode.swift; path = DefaultAPI.swift; sourceTree = "<group>"; };
		9B97D4E324A23A3100DB3F5E /* LineListView.swift */ = {isa = PBXFileReference; lastKnownFileType = sourcecode.swift; path = LineListView.swift; sourceTree = "<group>"; };
		9B97D4E524A23AA500DB3F5E /* LineListViewModel.swift */ = {isa = PBXFileReference; lastKnownFileType = sourcecode.swift; path = LineListViewModel.swift; sourceTree = "<group>"; };
		9BAD866B2479421400F756DA /* LineView.swift */ = {isa = PBXFileReference; lastKnownFileType = sourcecode.swift; path = LineView.swift; sourceTree = "<group>"; };
		9BB2FB4A246F0A4C00E1B184 /* DetailItemView.swift */ = {isa = PBXFileReference; lastKnownFileType = sourcecode.swift; path = DetailItemView.swift; sourceTree = "<group>"; };
		9BB2FB4C246F0B9900E1B184 /* ProviderView.swift */ = {isa = PBXFileReference; lastKnownFileType = sourcecode.swift; path = ProviderView.swift; sourceTree = "<group>"; };
		9BB2FB4E2474414700E1B184 /* PostItemView.swift */ = {isa = PBXFileReference; lastKnownFileType = sourcecode.swift; path = PostItemView.swift; sourceTree = "<group>"; };
		9BC48B042465420300239E4E /* SadAgregator.app */ = {isa = PBXFileReference; explicitFileType = wrapper.application; includeInIndex = 0; path = SadAgregator.app; sourceTree = BUILT_PRODUCTS_DIR; };
		9BC48B072465420300239E4E /* AppDelegate.swift */ = {isa = PBXFileReference; lastKnownFileType = sourcecode.swift; path = AppDelegate.swift; sourceTree = "<group>"; };
		9BC48B092465420300239E4E /* SceneDelegate.swift */ = {isa = PBXFileReference; lastKnownFileType = sourcecode.swift; path = SceneDelegate.swift; sourceTree = "<group>"; };
		9BC48B0B2465420300239E4E /* RootView.swift */ = {isa = PBXFileReference; lastKnownFileType = sourcecode.swift; path = RootView.swift; sourceTree = "<group>"; };
		9BC48B0D2465420700239E4E /* Assets.xcassets */ = {isa = PBXFileReference; lastKnownFileType = folder.assetcatalog; path = Assets.xcassets; sourceTree = "<group>"; };
		9BC48B102465420700239E4E /* Preview Assets.xcassets */ = {isa = PBXFileReference; lastKnownFileType = folder.assetcatalog; path = "Preview Assets.xcassets"; sourceTree = "<group>"; };
		9BC48B132465420700239E4E /* Base */ = {isa = PBXFileReference; lastKnownFileType = file.storyboard; name = Base; path = Base.lproj/LaunchScreen.storyboard; sourceTree = "<group>"; };
		9BC48B152465420700239E4E /* Info.plist */ = {isa = PBXFileReference; lastKnownFileType = text.plist.xml; path = Info.plist; sourceTree = "<group>"; };
		9BC48B1A2465420700239E4E /* SadAgregatorTests.xctest */ = {isa = PBXFileReference; explicitFileType = wrapper.cfbundle; includeInIndex = 0; path = SadAgregatorTests.xctest; sourceTree = BUILT_PRODUCTS_DIR; };
		9BC48B1E2465420700239E4E /* SadAgregatorTests.swift */ = {isa = PBXFileReference; lastKnownFileType = sourcecode.swift; path = SadAgregatorTests.swift; sourceTree = "<group>"; };
		9BC48B202465420700239E4E /* Info.plist */ = {isa = PBXFileReference; lastKnownFileType = text.plist.xml; path = Info.plist; sourceTree = "<group>"; };
		9BE9065824B36D7B00FD955E /* FeedbackItemView.swift */ = {isa = PBXFileReference; lastKnownFileType = sourcecode.swift; path = FeedbackItemView.swift; sourceTree = "<group>"; };
		9BE9065A24B3709200FD955E /* FeedackItemViewModel.swift */ = {isa = PBXFileReference; lastKnownFileType = sourcecode.swift; path = FeedackItemViewModel.swift; sourceTree = "<group>"; };
		9BE9065C24BC67E900FD955E /* SafariView.swift */ = {isa = PBXFileReference; lastKnownFileType = sourcecode.swift; path = SafariView.swift; sourceTree = "<group>"; };
		9BE9065E24BCC34700FD955E /* SearchStatisticsItemView.swift */ = {isa = PBXFileReference; lastKnownFileType = sourcecode.swift; path = SearchStatisticsItemView.swift; sourceTree = "<group>"; };
		9BE9066024BF29FE00FD955E /* ProfileViewModel.swift */ = {isa = PBXFileReference; lastKnownFileType = sourcecode.swift; path = ProfileViewModel.swift; sourceTree = "<group>"; };
		9BFD6674248FAE4E0091110A /* MasterTextView.swift */ = {isa = PBXFileReference; lastKnownFileType = sourcecode.swift; path = MasterTextView.swift; sourceTree = "<group>"; };
		9BFD6676248FBBF10091110A /* MasterListView.swift */ = {isa = PBXFileReference; lastKnownFileType = sourcecode.swift; path = MasterListView.swift; sourceTree = "<group>"; };
		9BFD6678248FC4370091110A /* SearchField.swift */ = {isa = PBXFileReference; lastKnownFileType = sourcecode.swift; path = SearchField.swift; sourceTree = "<group>"; };
		9BFD66AC24A0C6D20091110A /* MyProviders.swift */ = {isa = PBXFileReference; fileEncoding = 4; lastKnownFileType = sourcecode.swift; path = MyProviders.swift; sourceTree = "<group>"; };
		9BFD66AD24A0C6D20091110A /* SaveVKInfo.swift */ = {isa = PBXFileReference; fileEncoding = 4; lastKnownFileType = sourcecode.swift; path = SaveVKInfo.swift; sourceTree = "<group>"; };
		9BFD66AE24A0C6D20091110A /* ReviewUpdate.swift */ = {isa = PBXFileReference; fileEncoding = 4; lastKnownFileType = sourcecode.swift; path = ReviewUpdate.swift; sourceTree = "<group>"; };
		9BFD66AF24A0C6D20091110A /* GetOKAppID.swift */ = {isa = PBXFileReference; fileEncoding = 4; lastKnownFileType = sourcecode.swift; path = GetOKAppID.swift; sourceTree = "<group>"; };
		9BFD66B024A0C6D20091110A /* ChangeUserOption.swift */ = {isa = PBXFileReference; fileEncoding = 4; lastKnownFileType = sourcecode.swift; path = ChangeUserOption.swift; sourceTree = "<group>"; };
		9BFD66B124A0C6D20091110A /* Help.swift */ = {isa = PBXFileReference; fileEncoding = 4; lastKnownFileType = sourcecode.swift; path = Help.swift; sourceTree = "<group>"; };
		9BFD66B224A0C6D20091110A /* AssignOKToAppID.swift */ = {isa = PBXFileReference; fileEncoding = 4; lastKnownFileType = sourcecode.swift; path = AssignOKToAppID.swift; sourceTree = "<group>"; };
		9BFD66B324A0C6D30091110A /* Providers.swift */ = {isa = PBXFileReference; fileEncoding = 4; lastKnownFileType = sourcecode.swift; path = Providers.swift; sourceTree = "<group>"; };
		9BFD66B424A0C6D30091110A /* ProvidersTop.swift */ = {isa = PBXFileReference; fileEncoding = 4; lastKnownFileType = sourcecode.swift; path = ProvidersTop.swift; sourceTree = "<group>"; };
		9BFD66B524A0C6D30091110A /* PostLike.swift */ = {isa = PBXFileReference; fileEncoding = 4; lastKnownFileType = sourcecode.swift; path = PostLike.swift; sourceTree = "<group>"; };
		9BFD66B624A0C6D30091110A /* Answer.swift */ = {isa = PBXFileReference; fileEncoding = 4; lastKnownFileType = sourcecode.swift; path = Answer.swift; sourceTree = "<group>"; };
		9BFD66B724A0C6D30091110A /* UserForgotPass.swift */ = {isa = PBXFileReference; fileEncoding = 4; lastKnownFileType = sourcecode.swift; path = UserForgotPass.swift; sourceTree = "<group>"; };
		9BFD66B824A0C6D30091110A /* TopSpotsPaging.swift */ = {isa = PBXFileReference; fileEncoding = 4; lastKnownFileType = sourcecode.swift; path = TopSpotsPaging.swift; sourceTree = "<group>"; };
		9BFD66B924A0C6D30091110A /* ReviewDelete.swift */ = {isa = PBXFileReference; fileEncoding = 4; lastKnownFileType = sourcecode.swift; path = ReviewDelete.swift; sourceTree = "<group>"; };
		9BFD66BA24A0C6D40091110A /* GetMyReview.swift */ = {isa = PBXFileReference; fileEncoding = 4; lastKnownFileType = sourcecode.swift; path = GetMyReview.swift; sourceTree = "<group>"; };
		9BFD66BB24A0C6D40091110A /* SpotPostsPaging.swift */ = {isa = PBXFileReference; fileEncoding = 4; lastKnownFileType = sourcecode.swift; path = SpotPostsPaging.swift; sourceTree = "<group>"; };
		9BFD66BC24A0C6D40091110A /* BackLine.swift */ = {isa = PBXFileReference; fileEncoding = 4; lastKnownFileType = sourcecode.swift; path = BackLine.swift; sourceTree = "<group>"; };
		9BFD66BD24A0C6D40091110A /* GetSearchPage.swift */ = {isa = PBXFileReference; fileEncoding = 4; lastKnownFileType = sourcecode.swift; path = GetSearchPage.swift; sourceTree = "<group>"; };
		9BFD66BE24A0C6D40091110A /* SetSimpleReq.swift */ = {isa = PBXFileReference; fileEncoding = 4; lastKnownFileType = sourcecode.swift; path = SetSimpleReq.swift; sourceTree = "<group>"; };
		9BFD66BF24A0C6D40091110A /* TopLines.swift */ = {isa = PBXFileReference; fileEncoding = 4; lastKnownFileType = sourcecode.swift; path = TopLines.swift; sourceTree = "<group>"; };
		9BFD66C024A0C6D40091110A /* ProviderLike.swift */ = {isa = PBXFileReference; fileEncoding = 4; lastKnownFileType = sourcecode.swift; path = ProviderLike.swift; sourceTree = "<group>"; };
		9BFD66C124A0C6D50091110A /* RateUpdate.swift */ = {isa = PBXFileReference; fileEncoding = 4; lastKnownFileType = sourcecode.swift; path = RateUpdate.swift; sourceTree = "<group>"; };
		9BFD66C224A0C6D50091110A /* HelpPage.swift */ = {isa = PBXFileReference; fileEncoding = 4; lastKnownFileType = sourcecode.swift; path = HelpPage.swift; sourceTree = "<group>"; };
		9BFD66C324A0C6D50091110A /* MyPosts.swift */ = {isa = PBXFileReference; fileEncoding = 4; lastKnownFileType = sourcecode.swift; path = MyPosts.swift; sourceTree = "<group>"; };
		9BFD66C424A0C6D50091110A /* Spot.swift */ = {isa = PBXFileReference; fileEncoding = 4; lastKnownFileType = sourcecode.swift; path = Spot.swift; sourceTree = "<group>"; };
		9BFD66C524A0C6D50091110A /* GetStep.swift */ = {isa = PBXFileReference; fileEncoding = 4; lastKnownFileType = sourcecode.swift; path = GetStep.swift; sourceTree = "<group>"; };
		9BFD66C624A0C6D50091110A /* GetProviderReviewsPaging.swift */ = {isa = PBXFileReference; fileEncoding = 4; lastKnownFileType = sourcecode.swift; path = GetProviderReviewsPaging.swift; sourceTree = "<group>"; };
		9BFD66C724A0C6D50091110A /* MessageReaded.swift */ = {isa = PBXFileReference; fileEncoding = 4; lastKnownFileType = sourcecode.swift; path = MessageReaded.swift; sourceTree = "<group>"; };
		9BFD66C824A0C6D50091110A /* AddProvider.swift */ = {isa = PBXFileReference; fileEncoding = 4; lastKnownFileType = sourcecode.swift; path = AddProvider.swift; sourceTree = "<group>"; };
		9BFD66C924A0C6D60091110A /* ChangeUserPassword.swift */ = {isa = PBXFileReference; fileEncoding = 4; lastKnownFileType = sourcecode.swift; path = ChangeUserPassword.swift; sourceTree = "<group>"; };
		9BFD66CA24A0C6D60091110A /* ProviderItem.swift */ = {isa = PBXFileReference; fileEncoding = 4; lastKnownFileType = sourcecode.swift; path = ProviderItem.swift; sourceTree = "<group>"; };
		9BFD66CB24A0C6D60091110A /* Reviews.swift */ = {isa = PBXFileReference; fileEncoding = 4; lastKnownFileType = sourcecode.swift; path = Reviews.swift; sourceTree = "<group>"; };
		9BFD66CC24A0C6D60091110A /* GetUserProfile.swift */ = {isa = PBXFileReference; fileEncoding = 4; lastKnownFileType = sourcecode.swift; path = GetUserProfile.swift; sourceTree = "<group>"; };
		9BFD66CD24A0C6D60091110A /* LinePostsPaging.swift */ = {isa = PBXFileReference; fileEncoding = 4; lastKnownFileType = sourcecode.swift; path = LinePostsPaging.swift; sourceTree = "<group>"; };
		9BFD66CE24A0C6D60091110A /* UserProfile.swift */ = {isa = PBXFileReference; fileEncoding = 4; lastKnownFileType = sourcecode.swift; path = UserProfile.swift; sourceTree = "<group>"; };
		9BFD66CF24A0C6D60091110A /* AssignVKToAppID.swift */ = {isa = PBXFileReference; fileEncoding = 4; lastKnownFileType = sourcecode.swift; path = AssignVKToAppID.swift; sourceTree = "<group>"; };
		9BFD66D024A0C6D60091110A /* Arrows.swift */ = {isa = PBXFileReference; fileEncoding = 4; lastKnownFileType = sourcecode.swift; path = Arrows.swift; sourceTree = "<group>"; };
		9BFD66D124A0C6D70091110A /* GetProviderPostsPaging.swift */ = {isa = PBXFileReference; fileEncoding = 4; lastKnownFileType = sourcecode.swift; path = GetProviderPostsPaging.swift; sourceTree = "<group>"; };
		9BFD66D224A0C6D70091110A /* DeletePhoto.swift */ = {isa = PBXFileReference; fileEncoding = 4; lastKnownFileType = sourcecode.swift; path = DeletePhoto.swift; sourceTree = "<group>"; };
		9BFD66D324A0C6D70091110A /* SendQuestion.swift */ = {isa = PBXFileReference; fileEncoding = 4; lastKnownFileType = sourcecode.swift; path = SendQuestion.swift; sourceTree = "<group>"; };
		9BFD66D424A0C6D70091110A /* LinePointsPaging.swift */ = {isa = PBXFileReference; fileEncoding = 4; lastKnownFileType = sourcecode.swift; path = LinePointsPaging.swift; sourceTree = "<group>"; };
		9BFD66D524A0C6D70091110A /* SaveOKInfo.swift */ = {isa = PBXFileReference; fileEncoding = 4; lastKnownFileType = sourcecode.swift; path = SaveOKInfo.swift; sourceTree = "<group>"; };
		9BFD66D624A0C6D70091110A /* Message.swift */ = {isa = PBXFileReference; fileEncoding = 4; lastKnownFileType = sourcecode.swift; path = Message.swift; sourceTree = "<group>"; };
		9BFD66D724A0C6D70091110A /* Peers.swift */ = {isa = PBXFileReference; fileEncoding = 4; lastKnownFileType = sourcecode.swift; path = Peers.swift; sourceTree = "<group>"; };
		9BFD66D824A0C6D70091110A /* Provider.swift */ = {isa = PBXFileReference; fileEncoding = 4; lastKnownFileType = sourcecode.swift; path = Provider.swift; sourceTree = "<group>"; };
		9BFD66D924A0C6D80091110A /* Line.swift */ = {isa = PBXFileReference; fileEncoding = 4; lastKnownFileType = sourcecode.swift; path = Line.swift; sourceTree = "<group>"; };
		9BFD66DA24A0C6D80091110A /* HelpItem.swift */ = {isa = PBXFileReference; fileEncoding = 4; lastKnownFileType = sourcecode.swift; path = HelpItem.swift; sourceTree = "<group>"; };
		9BFD66DB24A0C6D80091110A /* Auth.swift */ = {isa = PBXFileReference; fileEncoding = 4; lastKnownFileType = sourcecode.swift; path = Auth.swift; sourceTree = "<group>"; };
		9BFD66DC24A0C6D80091110A /* ReviewImages.swift */ = {isa = PBXFileReference; fileEncoding = 4; lastKnownFileType = sourcecode.swift; path = ReviewImages.swift; sourceTree = "<group>"; };
		9BFD66DD24A0C6D80091110A /* ExportPeers.swift */ = {isa = PBXFileReference; fileEncoding = 4; lastKnownFileType = sourcecode.swift; path = ExportPeers.swift; sourceTree = "<group>"; };
		9BFD66DE24A0C6D80091110A /* CntListItem.swift */ = {isa = PBXFileReference; fileEncoding = 4; lastKnownFileType = sourcecode.swift; path = CntListItem.swift; sourceTree = "<group>"; };
		9BFD66DF24A0C6D80091110A /* ReviewsInfo.swift */ = {isa = PBXFileReference; fileEncoding = 4; lastKnownFileType = sourcecode.swift; path = ReviewsInfo.swift; sourceTree = "<group>"; };
		9BFD66E024A0C6D80091110A /* Register.swift */ = {isa = PBXFileReference; fileEncoding = 4; lastKnownFileType = sourcecode.swift; path = Register.swift; sourceTree = "<group>"; };
		9BFD66E124A0C6D90091110A /* GetVKAppID.swift */ = {isa = PBXFileReference; fileEncoding = 4; lastKnownFileType = sourcecode.swift; path = GetVKAppID.swift; sourceTree = "<group>"; };
		9BFD66E224A0C6D90091110A /* ToExpQueue.swift */ = {isa = PBXFileReference; fileEncoding = 4; lastKnownFileType = sourcecode.swift; path = ToExpQueue.swift; sourceTree = "<group>"; };
		9BFD66E324A0C6D90091110A /* PhotoSaved.swift */ = {isa = PBXFileReference; fileEncoding = 4; lastKnownFileType = sourcecode.swift; path = PhotoSaved.swift; sourceTree = "<group>"; };
		BE07A4D7249FE3D4007AE812 /* BlueInfoView.swift */ = {isa = PBXFileReference; lastKnownFileType = sourcecode.swift; path = BlueInfoView.swift; sourceTree = "<group>"; };
		BE07A4D9249FEAB9007AE812 /* DetailedActivityView.swift */ = {isa = PBXFileReference; lastKnownFileType = sourcecode.swift; path = DetailedActivityView.swift; sourceTree = "<group>"; };
		BE07A4DC24A0026A007AE812 /* RandomAccessCollection+Extensions.swift */ = {isa = PBXFileReference; lastKnownFileType = sourcecode.swift; path = "RandomAccessCollection+Extensions.swift"; sourceTree = "<group>"; };
		BE07A4DE24A004CA007AE812 /* MainPaging.swift */ = {isa = PBXFileReference; fileEncoding = 4; lastKnownFileType = sourcecode.swift; path = MainPaging.swift; sourceTree = "<group>"; };
		BE11E4B1246C888A004A2FBC /* PopularProviderItemView.swift */ = {isa = PBXFileReference; fileEncoding = 4; lastKnownFileType = sourcecode.swift; path = PopularProviderItemView.swift; sourceTree = "<group>"; };
		BE11E4B2246C888A004A2FBC /* PopularProvidersView.swift */ = {isa = PBXFileReference; fileEncoding = 4; lastKnownFileType = sourcecode.swift; path = PopularProvidersView.swift; sourceTree = "<group>"; };
		BE3F0A6D2496951A006F605A /* TopLine.swift */ = {isa = PBXFileReference; fileEncoding = 4; lastKnownFileType = sourcecode.swift; path = TopLine.swift; sourceTree = "<group>"; };
		BE3F0A6E2496951A006F605A /* MainPage.swift */ = {isa = PBXFileReference; fileEncoding = 4; lastKnownFileType = sourcecode.swift; path = MainPage.swift; sourceTree = "<group>"; };
		BE3F0A6F2496951A006F605A /* ErrorModel.swift */ = {isa = PBXFileReference; fileEncoding = 4; lastKnownFileType = sourcecode.swift; path = ErrorModel.swift; sourceTree = "<group>"; };
		BE3F0A702496951A006F605A /* Post.swift */ = {isa = PBXFileReference; fileEncoding = 4; lastKnownFileType = sourcecode.swift; path = Post.swift; sourceTree = "<group>"; };
		BE3F0A712496951B006F605A /* ServerImage.swift */ = {isa = PBXFileReference; fileEncoding = 4; lastKnownFileType = sourcecode.swift; path = ServerImage.swift; sourceTree = "<group>"; };
		BE3F0A722496951B006F605A /* TotalActivity.swift */ = {isa = PBXFileReference; fileEncoding = 4; lastKnownFileType = sourcecode.swift; path = TotalActivity.swift; sourceTree = "<group>"; };
		BE3F0A732496951B006F605A /* TopSpot.swift */ = {isa = PBXFileReference; fileEncoding = 4; lastKnownFileType = sourcecode.swift; path = TopSpot.swift; sourceTree = "<group>"; };
		BE3F0A742496951B006F605A /* UserKey.swift */ = {isa = PBXFileReference; fileEncoding = 4; lastKnownFileType = sourcecode.swift; path = UserKey.swift; sourceTree = "<group>"; };
		BE3F0A7D2496952A006F605A /* Extensions.swift */ = {isa = PBXFileReference; fileEncoding = 4; lastKnownFileType = sourcecode.swift; path = Extensions.swift; sourceTree = "<group>"; };
		BE3F0A7E2496952A006F605A /* APIHelper.swift */ = {isa = PBXFileReference; fileEncoding = 4; lastKnownFileType = sourcecode.swift; path = APIHelper.swift; sourceTree = "<group>"; };
		BE3F0A7F2496952A006F605A /* APIs.swift */ = {isa = PBXFileReference; fileEncoding = 4; lastKnownFileType = sourcecode.swift; path = APIs.swift; sourceTree = "<group>"; };
		BE3F0A802496952A006F605A /* Configuration.swift */ = {isa = PBXFileReference; fileEncoding = 4; lastKnownFileType = sourcecode.swift; path = Configuration.swift; sourceTree = "<group>"; };
		BE3F0A812496952A006F605A /* AlamofireImplementations.swift */ = {isa = PBXFileReference; fileEncoding = 4; lastKnownFileType = sourcecode.swift; path = AlamofireImplementations.swift; sourceTree = "<group>"; };
		BE3F0A822496952A006F605A /* JSONEncodingHelper.swift */ = {isa = PBXFileReference; fileEncoding = 4; lastKnownFileType = sourcecode.swift; path = JSONEncodingHelper.swift; sourceTree = "<group>"; };
		BE3F0A832496952A006F605A /* Models.swift */ = {isa = PBXFileReference; fileEncoding = 4; lastKnownFileType = sourcecode.swift; path = Models.swift; sourceTree = "<group>"; };
		BE3F0A842496952A006F605A /* CodableHelper.swift */ = {isa = PBXFileReference; fileEncoding = 4; lastKnownFileType = sourcecode.swift; path = CodableHelper.swift; sourceTree = "<group>"; };
		BE3F0A852496952A006F605A /* JSONEncodableEncoding.swift */ = {isa = PBXFileReference; fileEncoding = 4; lastKnownFileType = sourcecode.swift; path = JSONEncodableEncoding.swift; sourceTree = "<group>"; };
		BE46218E246D13DA00F715B1 /* MainView.swift */ = {isa = PBXFileReference; lastKnownFileType = sourcecode.swift; path = MainView.swift; sourceTree = "<group>"; };
		BE562F4B2475BD01000EDB5C /* SectionTitleView.swift */ = {isa = PBXFileReference; lastKnownFileType = sourcecode.swift; path = SectionTitleView.swift; sourceTree = "<group>"; };
		BE562F4D2475BFC3000EDB5C /* UIApplication+Extensions.swift */ = {isa = PBXFileReference; lastKnownFileType = sourcecode.swift; path = "UIApplication+Extensions.swift"; sourceTree = "<group>"; };
		BE562F502475C031000EDB5C /* View+Extensions.swift */ = {isa = PBXFileReference; lastKnownFileType = sourcecode.swift; path = "View+Extensions.swift"; sourceTree = "<group>"; };
		BE562F522475C4A4000EDB5C /* AnyTransition+Extensions.swift */ = {isa = PBXFileReference; lastKnownFileType = sourcecode.swift; path = "AnyTransition+Extensions.swift"; sourceTree = "<group>"; };
		BEB9514B2484D94F00A26F71 /* ProfileView.swift */ = {isa = PBXFileReference; lastKnownFileType = sourcecode.swift; path = ProfileView.swift; sourceTree = "<group>"; };
		BEB9514D2484DCBA00A26F71 /* BorderedButtonStyle.swift */ = {isa = PBXFileReference; lastKnownFileType = sourcecode.swift; path = BorderedButtonStyle.swift; sourceTree = "<group>"; };
		BEB951502484E3BF00A26F71 /* LoginView.swift */ = {isa = PBXFileReference; lastKnownFileType = sourcecode.swift; path = LoginView.swift; sourceTree = "<group>"; };
		BEDCF74B2496B75B00217CE3 /* MainViewModel.swift */ = {isa = PBXFileReference; lastKnownFileType = sourcecode.swift; path = MainViewModel.swift; sourceTree = "<group>"; };
		BEFEA7B22496981900A29B2D /* Export.swift */ = {isa = PBXFileReference; lastKnownFileType = sourcecode.swift; path = Export.swift; sourceTree = "<group>"; };
/* End PBXFileReference section */

/* Begin PBXFrameworksBuildPhase section */
		9BC48B012465420300239E4E /* Frameworks */ = {
			isa = PBXFrameworksBuildPhase;
			buildActionMask = 2147483647;
			files = (
				BE07A4D6249FE0D5007AE812 /* Alamofire in Frameworks */,
			);
			runOnlyForDeploymentPostprocessing = 0;
		};
		9BC48B172465420700239E4E /* Frameworks */ = {
			isa = PBXFrameworksBuildPhase;
			buildActionMask = 2147483647;
			files = (
			);
			runOnlyForDeploymentPostprocessing = 0;
		};
/* End PBXFrameworksBuildPhase section */

/* Begin PBXGroup section */
		9B50A85F2487AA7A00B43BAB /* DetailViews */ = {
			isa = PBXGroup;
			children = (
				9B50A8602487ABCE00B43BAB /* FeedbackDetailView.swift */,
				9B50A8622487B73300B43BAB /* LeaveFeedbackDetailView.swift */,
				9B96FEF824C06F2B0022D6D9 /* UploadView.swift */,
			);
			path = DetailViews;
			sourceTree = "<group>";
		};
		9B50A866248910EF00B43BAB /* Master */ = {
			isa = PBXGroup;
			children = (
				9B50A8672489113D00B43BAB /* MasterChoiceView.swift */,
				9BFD6674248FAE4E0091110A /* MasterTextView.swift */,
				9BFD6676248FBBF10091110A /* MasterListView.swift */,
			);
			path = Master;
			sourceTree = "<group>";
		};
		9B97D4DA24A0CB7E00DB3F5E /* ListViews */ = {
			isa = PBXGroup;
			children = (
				9B97D4DB24A0CBC800DB3F5E /* SpotListView.swift */,
				9B97D4E324A23A3100DB3F5E /* LineListView.swift */,
				9B96FEFA24C071D20022D6D9 /* UploadItemView.swift */,
			);
			path = ListViews;
			sourceTree = "<group>";
		};
		9BC48AFB2465420300239E4E = {
			isa = PBXGroup;
			children = (
				9BC48B062465420300239E4E /* SadAgregator */,
				9BC48B1D2465420700239E4E /* SadAgregatorTests */,
				9BC48B052465420300239E4E /* Products */,
			);
			indentWidth = 2;
			sourceTree = "<group>";
			tabWidth = 2;
		};
		9BC48B052465420300239E4E /* Products */ = {
			isa = PBXGroup;
			children = (
				9BC48B042465420300239E4E /* SadAgregator.app */,
				9BC48B1A2465420700239E4E /* SadAgregatorTests.xctest */,
			);
			name = Products;
			sourceTree = "<group>";
		};
		9BC48B062465420300239E4E /* SadAgregator */ = {
			isa = PBXGroup;
			children = (
				9BC48B292465459000239E4E /* Sources */,
				9BC48B2A246545A600239E4E /* Resources */,
				9BC48B0F2465420700239E4E /* Preview Content */,
			);
			path = SadAgregator;
			sourceTree = "<group>";
		};
		9BC48B0F2465420700239E4E /* Preview Content */ = {
			isa = PBXGroup;
			children = (
				9BC48B102465420700239E4E /* Preview Assets.xcassets */,
			);
			path = "Preview Content";
			sourceTree = "<group>";
		};
		9BC48B1D2465420700239E4E /* SadAgregatorTests */ = {
			isa = PBXGroup;
			children = (
				9BC48B1E2465420700239E4E /* SadAgregatorTests.swift */,
				9BC48B202465420700239E4E /* Info.plist */,
			);
			path = SadAgregatorTests;
			sourceTree = "<group>";
		};
		9BC48B292465459000239E4E /* Sources */ = {
			isa = PBXGroup;
			children = (
				9BC48B2B2465474000239E4E /* App Delegates */,
				BE3F0A5624969490006F605A /* APIClient */,
				BE3F0A582496949F006F605A /* Models */,
				9BC48B2C2465484500239E4E /* Views */,
				BEDCF74A2496B73900217CE3 /* ViewModels */,
				BE562F4F2475BFCA000EDB5C /* Extensions */,
			);
			path = Sources;
			sourceTree = "<group>";
		};
		9BC48B2A246545A600239E4E /* Resources */ = {
			isa = PBXGroup;
			children = (
				9BC48B0D2465420700239E4E /* Assets.xcassets */,
				9BC48B122465420700239E4E /* LaunchScreen.storyboard */,
				9BC48B152465420700239E4E /* Info.plist */,
			);
			path = Resources;
			sourceTree = "<group>";
		};
		9BC48B2B2465474000239E4E /* App Delegates */ = {
			isa = PBXGroup;
			children = (
				9BC48B072465420300239E4E /* AppDelegate.swift */,
				9BC48B092465420300239E4E /* SceneDelegate.swift */,
			);
			path = "App Delegates";
			sourceTree = "<group>";
		};
		9BC48B2C2465484500239E4E /* Views */ = {
			isa = PBXGroup;
			children = (
				BE562F492475B837000EDB5C /* Screens */,
				BE07A4DB249FEB1A007AE812 /* Templates */,
				BEB9514A2484D91600A26F71 /* UIKit */,
				9B50A866248910EF00B43BAB /* Master */,
				9B50A85F2487AA7A00B43BAB /* DetailViews */,
				9B97D4DA24A0CB7E00DB3F5E /* ListViews */,
				BE562F4A2475B842000EDB5C /* ListItemViews */,
				BEB9514F2484DCDB00A26F71 /* Styles */,
			);
			path = Views;
			sourceTree = "<group>";
		};
		BE07A4DB249FEB1A007AE812 /* Templates */ = {
			isa = PBXGroup;
			children = (
				BE07A4D9249FEAB9007AE812 /* DetailedActivityView.swift */,
			);
			path = Templates;
			sourceTree = "<group>";
		};
		BE3F0A5624969490006F605A /* APIClient */ = {
			isa = PBXGroup;
			children = (
				BE3F0A9124969536006F605A /* API */,
				BE3F0A812496952A006F605A /* AlamofireImplementations.swift */,
				BE3F0A7E2496952A006F605A /* APIHelper.swift */,
				BE3F0A7F2496952A006F605A /* APIs.swift */,
				BE3F0A842496952A006F605A /* CodableHelper.swift */,
				BE3F0A802496952A006F605A /* Configuration.swift */,
				BE3F0A7D2496952A006F605A /* Extensions.swift */,
				BE3F0A852496952A006F605A /* JSONEncodableEncoding.swift */,
				BE3F0A822496952A006F605A /* JSONEncodingHelper.swift */,
				BE3F0A832496952A006F605A /* Models.swift */,
			);
			path = APIClient;
			sourceTree = "<group>";
		};
		BE3F0A582496949F006F605A /* Models */ = {
			isa = PBXGroup;
			children = (
				9BFD66C824A0C6D50091110A /* AddProvider.swift */,
				9BFD66B624A0C6D30091110A /* Answer.swift */,
				9BFD66D024A0C6D60091110A /* Arrows.swift */,
				9BFD66B224A0C6D20091110A /* AssignOKToAppID.swift */,
				9BFD66CF24A0C6D60091110A /* AssignVKToAppID.swift */,
				9BFD66DB24A0C6D80091110A /* Auth.swift */,
				9BFD66BC24A0C6D40091110A /* BackLine.swift */,
				9BFD66B024A0C6D20091110A /* ChangeUserOption.swift */,
				9BFD66C924A0C6D60091110A /* ChangeUserPassword.swift */,
				9BFD66DE24A0C6D80091110A /* CntListItem.swift */,
				9BFD66D224A0C6D70091110A /* DeletePhoto.swift */,
				BE3F0A6F2496951A006F605A /* ErrorModel.swift */,
				BEFEA7B22496981900A29B2D /* Export.swift */,
				9BFD66DD24A0C6D80091110A /* ExportPeers.swift */,
				9BFD66BA24A0C6D40091110A /* GetMyReview.swift */,
				9BFD66AF24A0C6D20091110A /* GetOKAppID.swift */,
				9BFD66D124A0C6D70091110A /* GetProviderPostsPaging.swift */,
				9BFD66C624A0C6D50091110A /* GetProviderReviewsPaging.swift */,
				9BFD66BD24A0C6D40091110A /* GetSearchPage.swift */,
				9BFD66C524A0C6D50091110A /* GetStep.swift */,
				9BFD66CC24A0C6D60091110A /* GetUserProfile.swift */,
				9BFD66E124A0C6D90091110A /* GetVKAppID.swift */,
				9BFD66B124A0C6D20091110A /* Help.swift */,
				9BFD66DA24A0C6D80091110A /* HelpItem.swift */,
				9BFD66C224A0C6D50091110A /* HelpPage.swift */,
				9BFD66D924A0C6D80091110A /* Line.swift */,
				9BFD66D424A0C6D70091110A /* LinePointsPaging.swift */,
				9BFD66CD24A0C6D60091110A /* LinePostsPaging.swift */,
				BE3F0A6E2496951A006F605A /* MainPage.swift */,
				BE07A4DE24A004CA007AE812 /* MainPaging.swift */,
				9BFD66D624A0C6D70091110A /* Message.swift */,
				9BFD66C724A0C6D50091110A /* MessageReaded.swift */,
				9BFD66C324A0C6D50091110A /* MyPosts.swift */,
				9BFD66AC24A0C6D20091110A /* MyProviders.swift */,
				9BFD66D724A0C6D70091110A /* Peers.swift */,
				9BFD66E324A0C6D90091110A /* PhotoSaved.swift */,
				BE3F0A702496951A006F605A /* Post.swift */,
				9BFD66B524A0C6D30091110A /* PostLike.swift */,
				9BFD66D824A0C6D70091110A /* Provider.swift */,
				9BFD66CA24A0C6D60091110A /* ProviderItem.swift */,
				9BFD66C024A0C6D40091110A /* ProviderLike.swift */,
				9BFD66B324A0C6D30091110A /* Providers.swift */,
				9BFD66B424A0C6D30091110A /* ProvidersTop.swift */,
				9BFD66C124A0C6D50091110A /* RateUpdate.swift */,
				9BFD66E024A0C6D80091110A /* Register.swift */,
				9BFD66B924A0C6D30091110A /* ReviewDelete.swift */,
				9BFD66DC24A0C6D80091110A /* ReviewImages.swift */,
				9BFD66CB24A0C6D60091110A /* Reviews.swift */,
				9BFD66DF24A0C6D80091110A /* ReviewsInfo.swift */,
				9BFD66AE24A0C6D20091110A /* ReviewUpdate.swift */,
				9BFD66D524A0C6D70091110A /* SaveOKInfo.swift */,
				9BFD66AD24A0C6D20091110A /* SaveVKInfo.swift */,
				9BFD66D324A0C6D70091110A /* SendQuestion.swift */,
				BE3F0A712496951B006F605A /* ServerImage.swift */,
				9BFD66BE24A0C6D40091110A /* SetSimpleReq.swift */,
				9BFD66C424A0C6D50091110A /* Spot.swift */,
				9BFD66BB24A0C6D40091110A /* SpotPostsPaging.swift */,
				9BFD66E224A0C6D90091110A /* ToExpQueue.swift */,
				BE3F0A6D2496951A006F605A /* TopLine.swift */,
				9BFD66BF24A0C6D40091110A /* TopLines.swift */,
				BE3F0A732496951B006F605A /* TopSpot.swift */,
				9BFD66B824A0C6D30091110A /* TopSpotsPaging.swift */,
				BE3F0A722496951B006F605A /* TotalActivity.swift */,
				9BFD66B724A0C6D30091110A /* UserForgotPass.swift */,
				BE3F0A742496951B006F605A /* UserKey.swift */,
				9BFD66CE24A0C6D60091110A /* UserProfile.swift */,
			);
			path = Models;
			sourceTree = "<group>";
		};
		BE3F0A9124969536006F605A /* API */ = {
			isa = PBXGroup;
			children = (
				9B97D4E124A1F83200DB3F5E /* DefaultAPI.swift */,
			);
			path = API;
			sourceTree = "<group>";
		};
		BE562F492475B837000EDB5C /* Screens */ = {
			isa = PBXGroup;
			children = (
				9BAD866B2479421400F756DA /* LineView.swift */,
				BEB951502484E3BF00A26F71 /* LoginView.swift */,
				BE46218E246D13DA00F715B1 /* MainView.swift */,
				9B1C17FE2469D91A00EB108B /* MenuView.swift */,
				BE11E4B2246C888A004A2FBC /* PopularProvidersView.swift */,
				BEB9514B2484D94F00A26F71 /* ProfileView.swift */,
				9BB2FB4C246F0B9900E1B184 /* ProviderView.swift */,
				9BC48B0B2465420300239E4E /* RootView.swift */,
				9B0D77602479B41A00ABF210 /* SpotView.swift */,
			);
			path = Screens;
			sourceTree = "<group>";
		};
		BE562F4A2475B842000EDB5C /* ListItemViews */ = {
			isa = PBXGroup;
			children = (
				9B1C1800246C2A2D00EB108B /* ActivityItemView.swift */,
				9BB2FB4A246F0A4C00E1B184 /* DetailItemView.swift */,
				BE11E4B1246C888A004A2FBC /* PopularProviderItemView.swift */,
				9BB2FB4E2474414700E1B184 /* PostItemView.swift */,
				9B779F0024ABBA7D005967B6 /* ProviderItemView.swift */,
				9BE9065824B36D7B00FD955E /* FeedbackItemView.swift */,
				9BE9065E24BCC34700FD955E /* SearchStatisticsItemView.swift */,
			);
			path = ListItemViews;
			sourceTree = "<group>";
		};
		BE562F4F2475BFCA000EDB5C /* Extensions */ = {
			isa = PBXGroup;
			children = (
				BE562F4D2475BFC3000EDB5C /* UIApplication+Extensions.swift */,
				BE562F502475C031000EDB5C /* View+Extensions.swift */,
				BE562F522475C4A4000EDB5C /* AnyTransition+Extensions.swift */,
				BE07A4DC24A0026A007AE812 /* RandomAccessCollection+Extensions.swift */,
				9BE9065C24BC67E900FD955E /* SafariView.swift */,
			);
			path = Extensions;
			sourceTree = "<group>";
		};
		BEB9514A2484D91600A26F71 /* UIKit */ = {
			isa = PBXGroup;
			children = (
				BE562F4B2475BD01000EDB5C /* SectionTitleView.swift */,
				9B50A8642487E8B200B43BAB /* TextView.swift */,
				9BFD6678248FC4370091110A /* SearchField.swift */,
				BE07A4D7249FE3D4007AE812 /* BlueInfoView.swift */,
			);
			path = UIKit;
			sourceTree = "<group>";
		};
		BEB9514F2484DCDB00A26F71 /* Styles */ = {
			isa = PBXGroup;
			children = (
				BEB9514D2484DCBA00A26F71 /* BorderedButtonStyle.swift */,
			);
			path = Styles;
			sourceTree = "<group>";
		};
		BEDCF74A2496B73900217CE3 /* ViewModels */ = {
			isa = PBXGroup;
			children = (
				9B97D4E524A23AA500DB3F5E /* LineListViewModel.swift */,
				9B779EFC24AA07FB005967B6 /* LineViewModel.swift */,
				BEDCF74B2496B75B00217CE3 /* MainViewModel.swift */,
				9B779EFA24A4BFA1005967B6 /* PopularProvidersViewModel.swift */,
				9B779F0224ADDD14005967B6 /* ProviderViewModel.swift */,
				9B97D4DD24A0D35800DB3F5E /* SpotListViewModel.swift */,
				9B779EFE24AB70E4005967B6 /* SpotViewModel.swift */,
				9BE9065A24B3709200FD955E /* FeedackItemViewModel.swift */,
				9BE9066024BF29FE00FD955E /* ProfileViewModel.swift */,
			);
			path = ViewModels;
			sourceTree = "<group>";
		};
/* End PBXGroup section */

/* Begin PBXNativeTarget section */
		9BC48B032465420300239E4E /* SadAgregator */ = {
			isa = PBXNativeTarget;
			buildConfigurationList = 9BC48B232465420700239E4E /* Build configuration list for PBXNativeTarget "SadAgregator" */;
			buildPhases = (
				9BC48B002465420300239E4E /* Sources */,
				9BC48B012465420300239E4E /* Frameworks */,
				9BC48B022465420300239E4E /* Resources */,
			);
			buildRules = (
			);
			dependencies = (
			);
			name = SadAgregator;
			packageProductDependencies = (
				BE07A4D5249FE0D5007AE812 /* Alamofire */,
			);
			productName = SadAgregator;
			productReference = 9BC48B042465420300239E4E /* SadAgregator.app */;
			productType = "com.apple.product-type.application";
		};
		9BC48B192465420700239E4E /* SadAgregatorTests */ = {
			isa = PBXNativeTarget;
			buildConfigurationList = 9BC48B262465420700239E4E /* Build configuration list for PBXNativeTarget "SadAgregatorTests" */;
			buildPhases = (
				9BC48B162465420700239E4E /* Sources */,
				9BC48B172465420700239E4E /* Frameworks */,
				9BC48B182465420700239E4E /* Resources */,
			);
			buildRules = (
			);
			dependencies = (
				9BC48B1C2465420700239E4E /* PBXTargetDependency */,
			);
			name = SadAgregatorTests;
			productName = SadAgregatorTests;
			productReference = 9BC48B1A2465420700239E4E /* SadAgregatorTests.xctest */;
			productType = "com.apple.product-type.bundle.unit-test";
		};
/* End PBXNativeTarget section */

/* Begin PBXProject section */
		9BC48AFC2465420300239E4E /* Project object */ = {
			isa = PBXProject;
			attributes = {
				LastSwiftUpdateCheck = 1140;
				LastUpgradeCheck = 1140;
				ORGANIZATIONNAME = "Полина Камурко";
				TargetAttributes = {
					9BC48B032465420300239E4E = {
						CreatedOnToolsVersion = 11.4.1;
					};
					9BC48B192465420700239E4E = {
						CreatedOnToolsVersion = 11.4.1;
						TestTargetID = 9BC48B032465420300239E4E;
					};
				};
			};
			buildConfigurationList = 9BC48AFF2465420300239E4E /* Build configuration list for PBXProject "SadAgregator" */;
			compatibilityVersion = "Xcode 9.3";
			developmentRegion = en;
			hasScannedForEncodings = 0;
			knownRegions = (
				en,
				Base,
			);
			mainGroup = 9BC48AFB2465420300239E4E;
			packageReferences = (
				BE07A4D4249FE0D5007AE812 /* XCRemoteSwiftPackageReference "Alamofire" */,
			);
			productRefGroup = 9BC48B052465420300239E4E /* Products */;
			projectDirPath = "";
			projectRoot = "";
			targets = (
				9BC48B032465420300239E4E /* SadAgregator */,
				9BC48B192465420700239E4E /* SadAgregatorTests */,
			);
		};
/* End PBXProject section */

/* Begin PBXResourcesBuildPhase section */
		9BC48B022465420300239E4E /* Resources */ = {
			isa = PBXResourcesBuildPhase;
			buildActionMask = 2147483647;
			files = (
				9BC48B142465420700239E4E /* LaunchScreen.storyboard in Resources */,
				9BC48B112465420700239E4E /* Preview Assets.xcassets in Resources */,
				9BC48B0E2465420700239E4E /* Assets.xcassets in Resources */,
			);
			runOnlyForDeploymentPostprocessing = 0;
		};
		9BC48B182465420700239E4E /* Resources */ = {
			isa = PBXResourcesBuildPhase;
			buildActionMask = 2147483647;
			files = (
			);
			runOnlyForDeploymentPostprocessing = 0;
		};
/* End PBXResourcesBuildPhase section */

/* Begin PBXSourcesBuildPhase section */
		9BC48B002465420300239E4E /* Sources */ = {
			isa = PBXSourcesBuildPhase;
			buildActionMask = 2147483647;
			files = (
				BEDCF74C2496B75B00217CE3 /* MainViewModel.swift in Sources */,
				BE3F0A772496951B006F605A /* ErrorModel.swift in Sources */,
				9BFD670924A0C6D90091110A /* GetProviderPostsPaging.swift in Sources */,
				BE11E4B3246C888A004A2FBC /* PopularProviderItemView.swift in Sources */,
				9BFD671A24A0C6D90091110A /* ToExpQueue.swift in Sources */,
				BE46218F246D13DA00F715B1 /* MainView.swift in Sources */,
				9B50A8682489113D00B43BAB /* MasterChoiceView.swift in Sources */,
				9BFD6675248FAE4E0091110A /* MasterTextView.swift in Sources */,
				9BFD6677248FBBF20091110A /* MasterListView.swift in Sources */,
				BE3F0A792496951B006F605A /* ServerImage.swift in Sources */,
				9BFD66F224A0C6D90091110A /* GetMyReview.swift in Sources */,
				9BFD670F24A0C6D90091110A /* Peers.swift in Sources */,
				BEB9514E2484DCBA00A26F71 /* BorderedButtonStyle.swift in Sources */,
				9BC48B082465420300239E4E /* AppDelegate.swift in Sources */,
				BE3F0A7C2496951B006F605A /* UserKey.swift in Sources */,
				9BFD66E524A0C6D90091110A /* SaveVKInfo.swift in Sources */,
				9BFD66F424A0C6D90091110A /* BackLine.swift in Sources */,
				9BFD671324A0C6D90091110A /* Auth.swift in Sources */,
				9BFD66E424A0C6D90091110A /* MyProviders.swift in Sources */,
				9BFD671724A0C6D90091110A /* ReviewsInfo.swift in Sources */,
				9B0D77612479B41A00ABF210 /* SpotView.swift in Sources */,
				9B779F0324ADDD14005967B6 /* ProviderViewModel.swift in Sources */,
				9B97D4E224A1F83300DB3F5E /* DefaultAPI.swift in Sources */,
				9BFD66F124A0C6D90091110A /* ReviewDelete.swift in Sources */,
				BE562F532475C4A4000EDB5C /* AnyTransition+Extensions.swift in Sources */,
				BE3F0A7B2496951B006F605A /* TopSpot.swift in Sources */,
				9BFD66F024A0C6D90091110A /* TopSpotsPaging.swift in Sources */,
				9BFD66EE24A0C6D90091110A /* Answer.swift in Sources */,
				9BFD670624A0C6D90091110A /* UserProfile.swift in Sources */,
				9BE9066124BF29FE00FD955E /* ProfileViewModel.swift in Sources */,
				BE3F0A8B2496952A006F605A /* JSONEncodingHelper.swift in Sources */,
				BE11E4B4246C888A004A2FBC /* PopularProvidersView.swift in Sources */,
				BE562F4E2475BFC3000EDB5C /* UIApplication+Extensions.swift in Sources */,
				9BFD671824A0C6D90091110A /* Register.swift in Sources */,
				9BFD66F524A0C6D90091110A /* GetSearchPage.swift in Sources */,
				9BFD66EA24A0C6D90091110A /* AssignOKToAppID.swift in Sources */,
				9BFD66E724A0C6D90091110A /* GetOKAppID.swift in Sources */,
				9B1C17FF2469D91A00EB108B /* MenuView.swift in Sources */,
				9BE9065924B36D7B00FD955E /* FeedbackItemView.swift in Sources */,
				9B1C1801246C2A2D00EB108B /* ActivityItemView.swift in Sources */,
				9B779EFD24AA07FB005967B6 /* LineViewModel.swift in Sources */,
				9B779EFF24AB70E4005967B6 /* SpotViewModel.swift in Sources */,
				9BFD66FB24A0C6D90091110A /* MyPosts.swift in Sources */,
				BE07A4DF24A004CA007AE812 /* MainPaging.swift in Sources */,
				9BC48B0A2465420300239E4E /* SceneDelegate.swift in Sources */,
				BEB9514C2484D94F00A26F71 /* ProfileView.swift in Sources */,
				BE3F0A862496952A006F605A /* Extensions.swift in Sources */,
				9BFD671924A0C6D90091110A /* GetVKAppID.swift in Sources */,
				9BFD671124A0C6D90091110A /* Line.swift in Sources */,
				BE3F0A872496952A006F605A /* APIHelper.swift in Sources */,
				BE3F0A8D2496952A006F605A /* CodableHelper.swift in Sources */,
				9BB2FB4D246F0B9900E1B184 /* ProviderView.swift in Sources */,
				9BE9065B24B3709300FD955E /* FeedackItemViewModel.swift in Sources */,
				BE3F0A8E2496952A006F605A /* JSONEncodableEncoding.swift in Sources */,
				9BB2FB4B246F0A4C00E1B184 /* DetailItemView.swift in Sources */,
				BE07A4D8249FE3D4007AE812 /* BlueInfoView.swift in Sources */,
				9BFD671524A0C6D90091110A /* ExportPeers.swift in Sources */,
				9B50A8632487B73300B43BAB /* LeaveFeedbackDetailView.swift in Sources */,
				BE3F0A882496952A006F605A /* APIs.swift in Sources */,
				9BFD6679248FC4370091110A /* SearchField.swift in Sources */,
				9B97D4E424A23A3100DB3F5E /* LineListView.swift in Sources */,
				9B779EFB24A4BFA1005967B6 /* PopularProvidersViewModel.swift in Sources */,
				9BFD670824A0C6D90091110A /* Arrows.swift in Sources */,
				9BFD670524A0C6D90091110A /* LinePostsPaging.swift in Sources */,
				9BFD670324A0C6D90091110A /* Reviews.swift in Sources */,
				BE3F0A8C2496952A006F605A /* Models.swift in Sources */,
				9B779F0124ABBA7D005967B6 /* ProviderItemView.swift in Sources */,
				9BFD671424A0C6D90091110A /* ReviewImages.swift in Sources */,
				9BFD66EC24A0C6D90091110A /* ProvidersTop.swift in Sources */,
				9BFD671024A0C6D90091110A /* Provider.swift in Sources */,
				9BFD670124A0C6D90091110A /* ChangeUserPassword.swift in Sources */,
				9BFD670D24A0C6D90091110A /* SaveOKInfo.swift in Sources */,
				9BFD66F824A0C6D90091110A /* ProviderLike.swift in Sources */,
				9BFD670A24A0C6D90091110A /* DeletePhoto.swift in Sources */,
				BE3F0A782496951B006F605A /* Post.swift in Sources */,
				9B97D4DC24A0CBC800DB3F5E /* SpotListView.swift in Sources */,
				BE3F0A7A2496951B006F605A /* TotalActivity.swift in Sources */,
				9BFD66E824A0C6D90091110A /* ChangeUserOption.swift in Sources */,
				BE3F0A762496951B006F605A /* MainPage.swift in Sources */,
				9BFD66FD24A0C6D90091110A /* GetStep.swift in Sources */,
				9BFD670B24A0C6D90091110A /* SendQuestion.swift in Sources */,
				BE562F512475C031000EDB5C /* View+Extensions.swift in Sources */,
				9B97D4DE24A0D35800DB3F5E /* SpotListViewModel.swift in Sources */,
				9BFD66F924A0C6D90091110A /* RateUpdate.swift in Sources */,
				9BFD670224A0C6D90091110A /* ProviderItem.swift in Sources */,
				9BAD866C2479421400F756DA /* LineView.swift in Sources */,
				9BFD66F624A0C6D90091110A /* SetSimpleReq.swift in Sources */,
				9BFD66F724A0C6D90091110A /* TopLines.swift in Sources */,
				9BC48B0C2465420300239E4E /* RootView.swift in Sources */,
				9BFD66E924A0C6D90091110A /* Help.swift in Sources */,
				9BFD66EF24A0C6D90091110A /* UserForgotPass.swift in Sources */,
				9BFD670424A0C6D90091110A /* GetUserProfile.swift in Sources */,
				9BB2FB4F2474414700E1B184 /* PostItemView.swift in Sources */,
				9BFD66FA24A0C6D90091110A /* HelpPage.swift in Sources */,
				BE3F0A892496952A006F605A /* Configuration.swift in Sources */,
				9BFD66FF24A0C6D90091110A /* MessageReaded.swift in Sources */,
				9BFD670024A0C6D90091110A /* AddProvider.swift in Sources */,
				9BFD66E624A0C6D90091110A /* ReviewUpdate.swift in Sources */,
				9BE9065D24BC67E900FD955E /* SafariView.swift in Sources */,
				BE3F0A8A2496952A006F605A /* AlamofireImplementations.swift in Sources */,
				9BFD66FE24A0C6D90091110A /* GetProviderReviewsPaging.swift in Sources */,
				9B96FEF924C06F2B0022D6D9 /* UploadView.swift in Sources */,
				9BFD670724A0C6D90091110A /* AssignVKToAppID.swift in Sources */,
				BE3F0A752496951B006F605A /* TopLine.swift in Sources */,
				9BFD670C24A0C6D90091110A /* LinePointsPaging.swift in Sources */,
				9BFD671624A0C6D90091110A /* CntListItem.swift in Sources */,
				9B96FEFB24C071D20022D6D9 /* UploadItemView.swift in Sources */,
				9BFD671224A0C6D90091110A /* HelpItem.swift in Sources */,
				BEFEA7B32496981900A29B2D /* Export.swift in Sources */,
				9BFD671B24A0C6D90091110A /* PhotoSaved.swift in Sources */,
				9BFD66EB24A0C6D90091110A /* Providers.swift in Sources */,
				9BFD66FC24A0C6D90091110A /* Spot.swift in Sources */,
				9B50A8612487ABCE00B43BAB /* FeedbackDetailView.swift in Sources */,
				9B50A8652487E8B200B43BAB /* TextView.swift in Sources */,
				9BFD66F324A0C6D90091110A /* SpotPostsPaging.swift in Sources */,
				BE07A4DD24A0026A007AE812 /* RandomAccessCollection+Extensions.swift in Sources */,
				BEB951512484E3BF00A26F71 /* LoginView.swift in Sources */,
				BE07A4DA249FEAB9007AE812 /* DetailedActivityView.swift in Sources */,
				9BFD670E24A0C6D90091110A /* Message.swift in Sources */,
				9BE9065F24BCC34800FD955E /* SearchStatisticsItemView.swift in Sources */,
				9B97D4E624A23AA500DB3F5E /* LineListViewModel.swift in Sources */,
				BE562F4C2475BD01000EDB5C /* SectionTitleView.swift in Sources */,
				9BFD66ED24A0C6D90091110A /* PostLike.swift in Sources */,
			);
			runOnlyForDeploymentPostprocessing = 0;
		};
		9BC48B162465420700239E4E /* Sources */ = {
			isa = PBXSourcesBuildPhase;
			buildActionMask = 2147483647;
			files = (
				9BC48B1F2465420700239E4E /* SadAgregatorTests.swift in Sources */,
			);
			runOnlyForDeploymentPostprocessing = 0;
		};
/* End PBXSourcesBuildPhase section */

/* Begin PBXTargetDependency section */
		9BC48B1C2465420700239E4E /* PBXTargetDependency */ = {
			isa = PBXTargetDependency;
			target = 9BC48B032465420300239E4E /* SadAgregator */;
			targetProxy = 9BC48B1B2465420700239E4E /* PBXContainerItemProxy */;
		};
/* End PBXTargetDependency section */

/* Begin PBXVariantGroup section */
		9BC48B122465420700239E4E /* LaunchScreen.storyboard */ = {
			isa = PBXVariantGroup;
			children = (
				9BC48B132465420700239E4E /* Base */,
			);
			name = LaunchScreen.storyboard;
			sourceTree = "<group>";
		};
/* End PBXVariantGroup section */

/* Begin XCBuildConfiguration section */
		9BC48B212465420700239E4E /* Debug */ = {
			isa = XCBuildConfiguration;
			buildSettings = {
				ALWAYS_SEARCH_USER_PATHS = NO;
				CLANG_ANALYZER_NONNULL = YES;
				CLANG_ANALYZER_NUMBER_OBJECT_CONVERSION = YES_AGGRESSIVE;
				CLANG_CXX_LANGUAGE_STANDARD = "gnu++14";
				CLANG_CXX_LIBRARY = "libc++";
				CLANG_ENABLE_MODULES = YES;
				CLANG_ENABLE_OBJC_ARC = YES;
				CLANG_ENABLE_OBJC_WEAK = YES;
				CLANG_WARN_BLOCK_CAPTURE_AUTORELEASING = YES;
				CLANG_WARN_BOOL_CONVERSION = YES;
				CLANG_WARN_COMMA = YES;
				CLANG_WARN_CONSTANT_CONVERSION = YES;
				CLANG_WARN_DEPRECATED_OBJC_IMPLEMENTATIONS = YES;
				CLANG_WARN_DIRECT_OBJC_ISA_USAGE = YES_ERROR;
				CLANG_WARN_DOCUMENTATION_COMMENTS = YES;
				CLANG_WARN_EMPTY_BODY = YES;
				CLANG_WARN_ENUM_CONVERSION = YES;
				CLANG_WARN_INFINITE_RECURSION = YES;
				CLANG_WARN_INT_CONVERSION = YES;
				CLANG_WARN_NON_LITERAL_NULL_CONVERSION = YES;
				CLANG_WARN_OBJC_IMPLICIT_RETAIN_SELF = YES;
				CLANG_WARN_OBJC_LITERAL_CONVERSION = YES;
				CLANG_WARN_OBJC_ROOT_CLASS = YES_ERROR;
				CLANG_WARN_RANGE_LOOP_ANALYSIS = YES;
				CLANG_WARN_STRICT_PROTOTYPES = YES;
				CLANG_WARN_SUSPICIOUS_MOVE = YES;
				CLANG_WARN_UNGUARDED_AVAILABILITY = YES_AGGRESSIVE;
				CLANG_WARN_UNREACHABLE_CODE = YES;
				CLANG_WARN__DUPLICATE_METHOD_MATCH = YES;
				COPY_PHASE_STRIP = NO;
				DEBUG_INFORMATION_FORMAT = dwarf;
				ENABLE_STRICT_OBJC_MSGSEND = YES;
				ENABLE_TESTABILITY = YES;
				GCC_C_LANGUAGE_STANDARD = gnu11;
				GCC_DYNAMIC_NO_PIC = NO;
				GCC_NO_COMMON_BLOCKS = YES;
				GCC_OPTIMIZATION_LEVEL = 0;
				GCC_PREPROCESSOR_DEFINITIONS = (
					"DEBUG=1",
					"$(inherited)",
				);
				GCC_WARN_64_TO_32_BIT_CONVERSION = YES;
				GCC_WARN_ABOUT_RETURN_TYPE = YES_ERROR;
				GCC_WARN_UNDECLARED_SELECTOR = YES;
				GCC_WARN_UNINITIALIZED_AUTOS = YES_AGGRESSIVE;
				GCC_WARN_UNUSED_FUNCTION = YES;
				GCC_WARN_UNUSED_VARIABLE = YES;
				IPHONEOS_DEPLOYMENT_TARGET = 13.4;
				MTL_ENABLE_DEBUG_INFO = INCLUDE_SOURCE;
				MTL_FAST_MATH = YES;
				ONLY_ACTIVE_ARCH = YES;
				SDKROOT = iphoneos;
				SWIFT_ACTIVE_COMPILATION_CONDITIONS = DEBUG;
				SWIFT_OPTIMIZATION_LEVEL = "-Onone";
			};
			name = Debug;
		};
		9BC48B222465420700239E4E /* Release */ = {
			isa = XCBuildConfiguration;
			buildSettings = {
				ALWAYS_SEARCH_USER_PATHS = NO;
				CLANG_ANALYZER_NONNULL = YES;
				CLANG_ANALYZER_NUMBER_OBJECT_CONVERSION = YES_AGGRESSIVE;
				CLANG_CXX_LANGUAGE_STANDARD = "gnu++14";
				CLANG_CXX_LIBRARY = "libc++";
				CLANG_ENABLE_MODULES = YES;
				CLANG_ENABLE_OBJC_ARC = YES;
				CLANG_ENABLE_OBJC_WEAK = YES;
				CLANG_WARN_BLOCK_CAPTURE_AUTORELEASING = YES;
				CLANG_WARN_BOOL_CONVERSION = YES;
				CLANG_WARN_COMMA = YES;
				CLANG_WARN_CONSTANT_CONVERSION = YES;
				CLANG_WARN_DEPRECATED_OBJC_IMPLEMENTATIONS = YES;
				CLANG_WARN_DIRECT_OBJC_ISA_USAGE = YES_ERROR;
				CLANG_WARN_DOCUMENTATION_COMMENTS = YES;
				CLANG_WARN_EMPTY_BODY = YES;
				CLANG_WARN_ENUM_CONVERSION = YES;
				CLANG_WARN_INFINITE_RECURSION = YES;
				CLANG_WARN_INT_CONVERSION = YES;
				CLANG_WARN_NON_LITERAL_NULL_CONVERSION = YES;
				CLANG_WARN_OBJC_IMPLICIT_RETAIN_SELF = YES;
				CLANG_WARN_OBJC_LITERAL_CONVERSION = YES;
				CLANG_WARN_OBJC_ROOT_CLASS = YES_ERROR;
				CLANG_WARN_RANGE_LOOP_ANALYSIS = YES;
				CLANG_WARN_STRICT_PROTOTYPES = YES;
				CLANG_WARN_SUSPICIOUS_MOVE = YES;
				CLANG_WARN_UNGUARDED_AVAILABILITY = YES_AGGRESSIVE;
				CLANG_WARN_UNREACHABLE_CODE = YES;
				CLANG_WARN__DUPLICATE_METHOD_MATCH = YES;
				COPY_PHASE_STRIP = NO;
				DEBUG_INFORMATION_FORMAT = "dwarf-with-dsym";
				ENABLE_NS_ASSERTIONS = NO;
				ENABLE_STRICT_OBJC_MSGSEND = YES;
				GCC_C_LANGUAGE_STANDARD = gnu11;
				GCC_NO_COMMON_BLOCKS = YES;
				GCC_WARN_64_TO_32_BIT_CONVERSION = YES;
				GCC_WARN_ABOUT_RETURN_TYPE = YES_ERROR;
				GCC_WARN_UNDECLARED_SELECTOR = YES;
				GCC_WARN_UNINITIALIZED_AUTOS = YES_AGGRESSIVE;
				GCC_WARN_UNUSED_FUNCTION = YES;
				GCC_WARN_UNUSED_VARIABLE = YES;
				IPHONEOS_DEPLOYMENT_TARGET = 13.4;
				MTL_ENABLE_DEBUG_INFO = NO;
				MTL_FAST_MATH = YES;
				SDKROOT = iphoneos;
				SWIFT_COMPILATION_MODE = wholemodule;
				SWIFT_OPTIMIZATION_LEVEL = "-O";
				VALIDATE_PRODUCT = YES;
			};
			name = Release;
		};
		9BC48B242465420700239E4E /* Debug */ = {
			isa = XCBuildConfiguration;
			buildSettings = {
				ASSETCATALOG_COMPILER_APPICON_NAME = AppIcon;
				CODE_SIGN_STYLE = Automatic;
				CURRENT_PROJECT_VERSION = 2;
				DEVELOPMENT_ASSET_PATHS = "\"SadAgregator/Preview Content\"";
				DEVELOPMENT_TEAM = 9Y3X7GA52A;
				ENABLE_PREVIEWS = YES;
				INFOPLIST_FILE = SadAgregator/Resources/Info.plist;
				IPHONEOS_DEPLOYMENT_TARGET = 13.0;
				LD_RUNPATH_SEARCH_PATHS = (
					"$(inherited)",
					"@executable_path/Frameworks",
				);
				PRODUCT_BUNDLE_IDENTIFIER = com.PolinaSadAgregator;
				PRODUCT_NAME = "$(TARGET_NAME)";
				SWIFT_VERSION = 5.0;
				TARGETED_DEVICE_FAMILY = "1,2";
			};
			name = Debug;
		};
		9BC48B252465420700239E4E /* Release */ = {
			isa = XCBuildConfiguration;
			buildSettings = {
				ASSETCATALOG_COMPILER_APPICON_NAME = AppIcon;
				CODE_SIGN_STYLE = Automatic;
				CURRENT_PROJECT_VERSION = 2;
				DEVELOPMENT_ASSET_PATHS = "\"SadAgregator/Preview Content\"";
				DEVELOPMENT_TEAM = 9Y3X7GA52A;
				ENABLE_PREVIEWS = YES;
				INFOPLIST_FILE = SadAgregator/Resources/Info.plist;
				IPHONEOS_DEPLOYMENT_TARGET = 13.0;
				LD_RUNPATH_SEARCH_PATHS = (
					"$(inherited)",
					"@executable_path/Frameworks",
				);
				PRODUCT_BUNDLE_IDENTIFIER = com.PolinaSadAgregator;
				PRODUCT_NAME = "$(TARGET_NAME)";
				SWIFT_VERSION = 5.0;
				TARGETED_DEVICE_FAMILY = "1,2";
			};
			name = Release;
		};
		9BC48B272465420700239E4E /* Debug */ = {
			isa = XCBuildConfiguration;
			buildSettings = {
				ALWAYS_EMBED_SWIFT_STANDARD_LIBRARIES = YES;
				BUNDLE_LOADER = "$(TEST_HOST)";
				CODE_SIGN_STYLE = Automatic;
				DEVELOPMENT_TEAM = 9Y3X7GA52A;
				INFOPLIST_FILE = SadAgregatorTests/Info.plist;
				IPHONEOS_DEPLOYMENT_TARGET = 13.4;
				LD_RUNPATH_SEARCH_PATHS = (
					"$(inherited)",
					"@executable_path/Frameworks",
					"@loader_path/Frameworks",
				);
				PRODUCT_BUNDLE_IDENTIFIER = com.polinakamurko.SadAgregatorTests;
				PRODUCT_NAME = "$(TARGET_NAME)";
				SWIFT_VERSION = 5.0;
				TARGETED_DEVICE_FAMILY = "1,2";
				TEST_HOST = "$(BUILT_PRODUCTS_DIR)/SadAgregator.app/SadAgregator";
			};
			name = Debug;
		};
		9BC48B282465420700239E4E /* Release */ = {
			isa = XCBuildConfiguration;
			buildSettings = {
				ALWAYS_EMBED_SWIFT_STANDARD_LIBRARIES = YES;
				BUNDLE_LOADER = "$(TEST_HOST)";
				CODE_SIGN_STYLE = Automatic;
				DEVELOPMENT_TEAM = 9Y3X7GA52A;
				INFOPLIST_FILE = SadAgregatorTests/Info.plist;
				IPHONEOS_DEPLOYMENT_TARGET = 13.4;
				LD_RUNPATH_SEARCH_PATHS = (
					"$(inherited)",
					"@executable_path/Frameworks",
					"@loader_path/Frameworks",
				);
				PRODUCT_BUNDLE_IDENTIFIER = com.polinakamurko.SadAgregatorTests;
				PRODUCT_NAME = "$(TARGET_NAME)";
				SWIFT_VERSION = 5.0;
				TARGETED_DEVICE_FAMILY = "1,2";
				TEST_HOST = "$(BUILT_PRODUCTS_DIR)/SadAgregator.app/SadAgregator";
			};
			name = Release;
		};
/* End XCBuildConfiguration section */

/* Begin XCConfigurationList section */
		9BC48AFF2465420300239E4E /* Build configuration list for PBXProject "SadAgregator" */ = {
			isa = XCConfigurationList;
			buildConfigurations = (
				9BC48B212465420700239E4E /* Debug */,
				9BC48B222465420700239E4E /* Release */,
			);
			defaultConfigurationIsVisible = 0;
			defaultConfigurationName = Release;
		};
		9BC48B232465420700239E4E /* Build configuration list for PBXNativeTarget "SadAgregator" */ = {
			isa = XCConfigurationList;
			buildConfigurations = (
				9BC48B242465420700239E4E /* Debug */,
				9BC48B252465420700239E4E /* Release */,
			);
			defaultConfigurationIsVisible = 0;
			defaultConfigurationName = Release;
		};
		9BC48B262465420700239E4E /* Build configuration list for PBXNativeTarget "SadAgregatorTests" */ = {
			isa = XCConfigurationList;
			buildConfigurations = (
				9BC48B272465420700239E4E /* Debug */,
				9BC48B282465420700239E4E /* Release */,
			);
			defaultConfigurationIsVisible = 0;
			defaultConfigurationName = Release;
		};
/* End XCConfigurationList section */

/* Begin XCRemoteSwiftPackageReference section */
		BE07A4D4249FE0D5007AE812 /* XCRemoteSwiftPackageReference "Alamofire" */ = {
			isa = XCRemoteSwiftPackageReference;
			repositoryURL = "https://github.com/Alamofire/Alamofire.git";
			requirement = {
				kind = upToNextMajorVersion;
				minimumVersion = 4.0.1;
			};
		};
/* End XCRemoteSwiftPackageReference section */

/* Begin XCSwiftPackageProductDependency section */
		BE07A4D5249FE0D5007AE812 /* Alamofire */ = {
			isa = XCSwiftPackageProductDependency;
			package = BE07A4D4249FE0D5007AE812 /* XCRemoteSwiftPackageReference "Alamofire" */;
			productName = Alamofire;
		};
/* End XCSwiftPackageProductDependency section */
	};
	rootObject = 9BC48AFC2465420300239E4E /* Project object */;
}
